
Microsoft Visual Studio Solution File, Format Version 12.00
# Visual Studio Version 16
VisualStudioVersion = 16.0.30621.155
MinimumVisualStudioVersion = 10.0.40219.1
Project("{FAE04EC0-301F-11D3-BF4B-00C04F79EFBC}") = "SmartMarket", "SmartMarket\SmartMarket.csproj", "{ACD389E7-86D8-4581-8878-C355C8C76794}"
EndProject
Global
	GlobalSection(SolutionConfigurationPlatforms) = preSolution
		Debug|Any CPU = Debug|Any CPU
		Release|Any CPU = Release|Any CPU
	EndGlobalSection
	GlobalSection(ProjectConfigurationPlatforms) = postSolution
		{ACD389E7-86D8-4581-8878-C355C8C76794}.Debug|Any CPU.ActiveCfg = Debug|Any CPU
		{ACD389E7-86D8-4581-8878-C355C8C76794}.Debug|Any CPU.Build.0 = Debug|Any CPU
		{ACD389E7-86D8-4581-8878-C355C8C76794}.Release|Any CPU.ActiveCfg = Release|Any CPU
		{ACD389E7-86D8-4581-8878-C355C8C76794}.Release|Any CPU.Build.0 = Release|Any CPU
	EndGlobalSection
	GlobalSection(SolutionProperties) = preSolution
		HideSolutionNode = FALSE
	EndGlobalSection
	GlobalSection(ExtensibilityGlobals) = postSolution
		SolutionGuid = {AA7FB1EB-7C18-47DA-88AE-259AB8F19D7C}
	EndGlobalSection
EndGlobal
